// !$*UTF8*$!
{
	archiveVersion = 1;
	classes = {
	};
	objectVersion = 55;
	objects = {

/* Begin PBXBuildFile section */
		046669A127579A4400C0BA70 /* AppDelegate.swift in Sources */ = {isa = PBXBuildFile; fileRef = 046669A027579A4400C0BA70 /* AppDelegate.swift */; };
		046669A327579A4400C0BA70 /* SceneDelegate.swift in Sources */ = {isa = PBXBuildFile; fileRef = 046669A227579A4400C0BA70 /* SceneDelegate.swift */; };
		046669A527579A4400C0BA70 /* ViewController.swift in Sources */ = {isa = PBXBuildFile; fileRef = 046669A427579A4400C0BA70 /* ViewController.swift */; };
		046669A827579A4400C0BA70 /* Main.storyboard in Resources */ = {isa = PBXBuildFile; fileRef = 046669A627579A4400C0BA70 /* Main.storyboard */; };
		046669AA27579A4500C0BA70 /* Assets.xcassets in Resources */ = {isa = PBXBuildFile; fileRef = 046669A927579A4500C0BA70 /* Assets.xcassets */; };
		046669AD27579A4500C0BA70 /* LaunchScreen.storyboard in Resources */ = {isa = PBXBuildFile; fileRef = 046669AB27579A4500C0BA70 /* LaunchScreen.storyboard */; };
		046669B927579B4100C0BA70 /* SwingEffectViewController.swift in Sources */ = {isa = PBXBuildFile; fileRef = 046669B527579B4100C0BA70 /* SwingEffectViewController.swift */; };
		046669BA27579B4100C0BA70 /* UIVIew + Extensions.swift in Sources */ = {isa = PBXBuildFile; fileRef = 046669B627579B4100C0BA70 /* UIVIew + Extensions.swift */; };
		0485DC1F275CE46C00F029B0 /* WaveViewController.swift in Sources */ = {isa = PBXBuildFile; fileRef = 0485DC19275CE46C00F029B0 /* WaveViewController.swift */; };
		0485DC20275CE46C00F029B0 /* Point.swift in Sources */ = {isa = PBXBuildFile; fileRef = 0485DC1B275CE46C00F029B0 /* Point.swift */; };
		0485DC21275CE46C00F029B0 /* Line.swift in Sources */ = {isa = PBXBuildFile; fileRef = 0485DC1C275CE46C00F029B0 /* Line.swift */; };
		0485DC22275CE46C00F029B0 /* WaveView.swift in Sources */ = {isa = PBXBuildFile; fileRef = 0485DC1E275CE46C00F029B0 /* WaveView.swift */; };
		04BDAAEB276B40BE00BBF48A /* ThreeDCardViewController.swift in Sources */ = {isa = PBXBuildFile; fileRef = 04BDAAEA276B40BE00BBF48A /* ThreeDCardViewController.swift */; };
		04BDAAEE276B4EED00BBF48A /* ThreeDCardView.swift in Sources */ = {isa = PBXBuildFile; fileRef = 04BDAAED276B4EED00BBF48A /* ThreeDCardView.swift */; };
/* End PBXBuildFile section */

/* Begin PBXFileReference section */
		0466699D27579A4400C0BA70 /* Swift ArtCode.app */ = {isa = PBXFileReference; explicitFileType = wrapper.application; includeInIndex = 0; path = "Swift ArtCode.app"; sourceTree = BUILT_PRODUCTS_DIR; };
		046669A027579A4400C0BA70 /* AppDelegate.swift */ = {isa = PBXFileReference; lastKnownFileType = sourcecode.swift; path = AppDelegate.swift; sourceTree = "<group>"; };
		046669A227579A4400C0BA70 /* SceneDelegate.swift */ = {isa = PBXFileReference; lastKnownFileType = sourcecode.swift; path = SceneDelegate.swift; sourceTree = "<group>"; };
		046669A427579A4400C0BA70 /* ViewController.swift */ = {isa = PBXFileReference; lastKnownFileType = sourcecode.swift; path = ViewController.swift; sourceTree = "<group>"; };
		046669A727579A4400C0BA70 /* Base */ = {isa = PBXFileReference; lastKnownFileType = file.storyboard; name = Base; path = Base.lproj/Main.storyboard; sourceTree = "<group>"; };
		046669A927579A4500C0BA70 /* Assets.xcassets */ = {isa = PBXFileReference; lastKnownFileType = folder.assetcatalog; path = Assets.xcassets; sourceTree = "<group>"; };
		046669AC27579A4500C0BA70 /* Base */ = {isa = PBXFileReference; lastKnownFileType = file.storyboard; name = Base; path = Base.lproj/LaunchScreen.storyboard; sourceTree = "<group>"; };
		046669AE27579A4500C0BA70 /* Info.plist */ = {isa = PBXFileReference; lastKnownFileType = text.plist.xml; path = Info.plist; sourceTree = "<group>"; };
		046669B527579B4100C0BA70 /* SwingEffectViewController.swift */ = {isa = PBXFileReference; fileEncoding = 4; lastKnownFileType = sourcecode.swift; path = SwingEffectViewController.swift; sourceTree = "<group>"; };
		046669B627579B4100C0BA70 /* UIVIew + Extensions.swift */ = {isa = PBXFileReference; fileEncoding = 4; lastKnownFileType = sourcecode.swift; path = "UIVIew + Extensions.swift"; sourceTree = "<group>"; };
		0485DC19275CE46C00F029B0 /* WaveViewController.swift */ = {isa = PBXFileReference; fileEncoding = 4; lastKnownFileType = sourcecode.swift; path = WaveViewController.swift; sourceTree = "<group>"; };
		0485DC1B275CE46C00F029B0 /* Point.swift */ = {isa = PBXFileReference; fileEncoding = 4; lastKnownFileType = sourcecode.swift; path = Point.swift; sourceTree = "<group>"; };
		0485DC1C275CE46C00F029B0 /* Line.swift */ = {isa = PBXFileReference; fileEncoding = 4; lastKnownFileType = sourcecode.swift; path = Line.swift; sourceTree = "<group>"; };
		0485DC1E275CE46C00F029B0 /* WaveView.swift */ = {isa = PBXFileReference; fileEncoding = 4; lastKnownFileType = sourcecode.swift; path = WaveView.swift; sourceTree = "<group>"; };
		04BDAAEA276B40BE00BBF48A /* ThreeDCardViewController.swift */ = {isa = PBXFileReference; lastKnownFileType = sourcecode.swift; path = ThreeDCardViewController.swift; sourceTree = "<group>"; };
		04BDAAED276B4EED00BBF48A /* ThreeDCardView.swift */ = {isa = PBXFileReference; lastKnownFileType = sourcecode.swift; path = ThreeDCardView.swift; sourceTree = "<group>"; };
/* End PBXFileReference section */

/* Begin PBXFrameworksBuildPhase section */
		0466699A27579A4400C0BA70 /* Frameworks */ = {
			isa = PBXFrameworksBuildPhase;
			buildActionMask = 2147483647;
			files = (
			);
			runOnlyForDeploymentPostprocessing = 0;
		};
/* End PBXFrameworksBuildPhase section */

/* Begin PBXGroup section */
		0466699427579A4400C0BA70 = {
			isa = PBXGroup;
			children = (
				0466699F27579A4400C0BA70 /* Swift ArtCode */,
				0466699E27579A4400C0BA70 /* Products */,
			);
			sourceTree = "<group>";
		};
		0466699E27579A4400C0BA70 /* Products */ = {
			isa = PBXGroup;
			children = (
				0466699D27579A4400C0BA70 /* Swift ArtCode.app */,
			);
			name = Products;
			sourceTree = "<group>";
		};
		0466699F27579A4400C0BA70 /* Swift ArtCode */ = {
			isa = PBXGroup;
			children = (
				04BDAAE9276B406E00BBF48A /* 3DCard */,
				0485DC17275CE46C00F029B0 /* Wave */,
				046669B427579B4100C0BA70 /* Swing Effect */,
				046669A027579A4400C0BA70 /* AppDelegate.swift */,
				046669A227579A4400C0BA70 /* SceneDelegate.swift */,
				046669A427579A4400C0BA70 /* ViewController.swift */,
				046669A627579A4400C0BA70 /* Main.storyboard */,
				046669A927579A4500C0BA70 /* Assets.xcassets */,
				046669AB27579A4500C0BA70 /* LaunchScreen.storyboard */,
				046669AE27579A4500C0BA70 /* Info.plist */,
			);
			path = "Swift ArtCode";
			sourceTree = "<group>";
		};
		046669B427579B4100C0BA70 /* Swing Effect */ = {
			isa = PBXGroup;
			children = (
				046669B527579B4100C0BA70 /* SwingEffectViewController.swift */,
				046669B627579B4100C0BA70 /* UIVIew + Extensions.swift */,
			);
			path = "Swing Effect";
			sourceTree = "<group>";
		};
		0485DC17275CE46C00F029B0 /* Wave */ = {
			isa = PBXGroup;
			children = (
				0485DC18275CE46C00F029B0 /* Controller */,
				0485DC1A275CE46C00F029B0 /* Model */,
				0485DC1D275CE46C00F029B0 /* View */,
			);
			path = Wave;
			sourceTree = "<group>";
		};
		0485DC18275CE46C00F029B0 /* Controller */ = {
			isa = PBXGroup;
			children = (
				0485DC19275CE46C00F029B0 /* WaveViewController.swift */,
			);
			path = Controller;
			sourceTree = "<group>";
		};
		0485DC1A275CE46C00F029B0 /* Model */ = {
			isa = PBXGroup;
			children = (
				0485DC1B275CE46C00F029B0 /* Point.swift */,
				0485DC1C275CE46C00F029B0 /* Line.swift */,
			);
			path = Model;
			sourceTree = "<group>";
		};
		0485DC1D275CE46C00F029B0 /* View */ = {
			isa = PBXGroup;
			children = (
				0485DC1E275CE46C00F029B0 /* WaveView.swift */,
			);
			path = View;
			sourceTree = "<group>";
		};
		04BDAAE9276B406E00BBF48A /* 3DCard */ = {
			isa = PBXGroup;
			children = (
				04BDAAEA276B40BE00BBF48A /* ThreeDCardViewController.swift */,
				04BDAAED276B4EED00BBF48A /* ThreeDCardView.swift */,
			);
			path = 3DCard;
			sourceTree = "<group>";
		};
/* End PBXGroup section */

/* Begin PBXNativeTarget section */
		0466699C27579A4400C0BA70 /* Swift ArtCode */ = {
			isa = PBXNativeTarget;
			buildConfigurationList = 046669B127579A4500C0BA70 /* Build configuration list for PBXNativeTarget "Swift ArtCode" */;
			buildPhases = (
				0466699927579A4400C0BA70 /* Sources */,
				0466699A27579A4400C0BA70 /* Frameworks */,
				0466699B27579A4400C0BA70 /* Resources */,
			);
			buildRules = (
			);
			dependencies = (
			);
			name = "Swift ArtCode";
			productName = "Swift ArtCode";
			productReference = 0466699D27579A4400C0BA70 /* Swift ArtCode.app */;
			productType = "com.apple.product-type.application";
		};
/* End PBXNativeTarget section */

/* Begin PBXProject section */
		0466699527579A4400C0BA70 /* Project object */ = {
			isa = PBXProject;
			attributes = {
				BuildIndependentTargetsInParallel = 1;
				LastSwiftUpdateCheck = 1310;
				LastUpgradeCheck = 1310;
				TargetAttributes = {
					0466699C27579A4400C0BA70 = {
						CreatedOnToolsVersion = 13.1;
					};
				};
			};
			buildConfigurationList = 0466699827579A4400C0BA70 /* Build configuration list for PBXProject "Swift ArtCode" */;
			compatibilityVersion = "Xcode 13.0";
			developmentRegion = en;
			hasScannedForEncodings = 0;
			knownRegions = (
				en,
				Base,
			);
			mainGroup = 0466699427579A4400C0BA70;
			productRefGroup = 0466699E27579A4400C0BA70 /* Products */;
			projectDirPath = "";
			projectRoot = "";
			targets = (
				0466699C27579A4400C0BA70 /* Swift ArtCode */,
			);
		};
/* End PBXProject section */

/* Begin PBXResourcesBuildPhase section */
		0466699B27579A4400C0BA70 /* Resources */ = {
			isa = PBXResourcesBuildPhase;
			buildActionMask = 2147483647;
			files = (
				046669AD27579A4500C0BA70 /* LaunchScreen.storyboard in Resources */,
				046669AA27579A4500C0BA70 /* Assets.xcassets in Resources */,
				046669A827579A4400C0BA70 /* Main.storyboard in Resources */,
			);
			runOnlyForDeploymentPostprocessing = 0;
		};
/* End PBXResourcesBuildPhase section */

/* Begin PBXSourcesBuildPhase section */
		0466699927579A4400C0BA70 /* Sources */ = {
			isa = PBXSourcesBuildPhase;
			buildActionMask = 2147483647;
			files = (
				0485DC20275CE46C00F029B0 /* Point.swift in Sources */,
				04BDAAEB276B40BE00BBF48A /* ThreeDCardViewController.swift in Sources */,
				0485DC22275CE46C00F029B0 /* WaveView.swift in Sources */,
				0485DC1F275CE46C00F029B0 /* WaveViewController.swift in Sources */,
				046669A527579A4400C0BA70 /* ViewController.swift in Sources */,
				046669A127579A4400C0BA70 /* AppDelegate.swift in Sources */,
				046669B927579B4100C0BA70 /* SwingEffectViewController.swift in Sources */,
				046669A327579A4400C0BA70 /* SceneDelegate.swift in Sources */,
				0485DC21275CE46C00F029B0 /* Line.swift in Sources */,
				04BDAAEE276B4EED00BBF48A /* ThreeDCardView.swift in Sources */,
				046669BA27579B4100C0BA70 /* UIVIew + Extensions.swift in Sources */,
			);
			runOnlyForDeploymentPostprocessing = 0;
		};
/* End PBXSourcesBuildPhase section */

/* Begin PBXVariantGroup section */
		046669A627579A4400C0BA70 /* Main.storyboard */ = {
			isa = PBXVariantGroup;
			children = (
				046669A727579A4400C0BA70 /* Base */,
			);
			name = Main.storyboard;
			sourceTree = "<group>";
		};
		046669AB27579A4500C0BA70 /* LaunchScreen.storyboard */ = {
			isa = PBXVariantGroup;
			children = (
				046669AC27579A4500C0BA70 /* Base */,
			);
			name = LaunchScreen.storyboard;
			sourceTree = "<group>";
		};
/* End PBXVariantGroup section */

/* Begin XCBuildConfiguration section */
		046669AF27579A4500C0BA70 /* Debug */ = {
			isa = XCBuildConfiguration;
			buildSettings = {
				ALWAYS_SEARCH_USER_PATHS = NO;
				CLANG_ANALYZER_NONNULL = YES;
				CLANG_ANALYZER_NUMBER_OBJECT_CONVERSION = YES_AGGRESSIVE;
				CLANG_CXX_LANGUAGE_STANDARD = "gnu++17";
				CLANG_CXX_LIBRARY = "libc++";
				CLANG_ENABLE_MODULES = YES;
				CLANG_ENABLE_OBJC_ARC = YES;
				CLANG_ENABLE_OBJC_WEAK = YES;
				CLANG_WARN_BLOCK_CAPTURE_AUTORELEASING = YES;
				CLANG_WARN_BOOL_CONVERSION = YES;
				CLANG_WARN_COMMA = YES;
				CLANG_WARN_CONSTANT_CONVERSION = YES;
				CLANG_WARN_DEPRECATED_OBJC_IMPLEMENTATIONS = YES;
				CLANG_WARN_DIRECT_OBJC_ISA_USAGE = YES_ERROR;
				CLANG_WARN_DOCUMENTATION_COMMENTS = YES;
				CLANG_WARN_EMPTY_BODY = YES;
				CLANG_WARN_ENUM_CONVERSION = YES;
				CLANG_WARN_INFINITE_RECURSION = YES;
				CLANG_WARN_INT_CONVERSION = YES;
				CLANG_WARN_NON_LITERAL_NULL_CONVERSION = YES;
				CLANG_WARN_OBJC_IMPLICIT_RETAIN_SELF = YES;
				CLANG_WARN_OBJC_LITERAL_CONVERSION = YES;
				CLANG_WARN_OBJC_ROOT_CLASS = YES_ERROR;
				CLANG_WARN_QUOTED_INCLUDE_IN_FRAMEWORK_HEADER = YES;
				CLANG_WARN_RANGE_LOOP_ANALYSIS = YES;
				CLANG_WARN_STRICT_PROTOTYPES = YES;
				CLANG_WARN_SUSPICIOUS_MOVE = YES;
				CLANG_WARN_UNGUARDED_AVAILABILITY = YES_AGGRESSIVE;
				CLANG_WARN_UNREACHABLE_CODE = YES;
				CLANG_WARN__DUPLICATE_METHOD_MATCH = YES;
				COPY_PHASE_STRIP = NO;
				DEBUG_INFORMATION_FORMAT = dwarf;
				ENABLE_STRICT_OBJC_MSGSEND = YES;
				ENABLE_TESTABILITY = YES;
				GCC_C_LANGUAGE_STANDARD = gnu11;
				GCC_DYNAMIC_NO_PIC = NO;
				GCC_NO_COMMON_BLOCKS = YES;
				GCC_OPTIMIZATION_LEVEL = 0;
				GCC_PREPROCESSOR_DEFINITIONS = (
					"DEBUG=1",
					"$(inherited)",
				);
				GCC_WARN_64_TO_32_BIT_CONVERSION = YES;
				GCC_WARN_ABOUT_RETURN_TYPE = YES_ERROR;
				GCC_WARN_UNDECLARED_SELECTOR = YES;
				GCC_WARN_UNINITIALIZED_AUTOS = YES_AGGRESSIVE;
				GCC_WARN_UNUSED_FUNCTION = YES;
				GCC_WARN_UNUSED_VARIABLE = YES;
				IPHONEOS_DEPLOYMENT_TARGET = 15.0;
				MTL_ENABLE_DEBUG_INFO = INCLUDE_SOURCE;
				MTL_FAST_MATH = YES;
				ONLY_ACTIVE_ARCH = YES;
				SDKROOT = iphoneos;
				SWIFT_ACTIVE_COMPILATION_CONDITIONS = DEBUG;
				SWIFT_OPTIMIZATION_LEVEL = "-Onone";
			};
			name = Debug;
		};
		046669B027579A4500C0BA70 /* Release */ = {
			isa = XCBuildConfiguration;
			buildSettings = {
				ALWAYS_SEARCH_USER_PATHS = NO;
				CLANG_ANALYZER_NONNULL = YES;
				CLANG_ANALYZER_NUMBER_OBJECT_CONVERSION = YES_AGGRESSIVE;
				CLANG_CXX_LANGUAGE_STANDARD = "gnu++17";
				CLANG_CXX_LIBRARY = "libc++";
				CLANG_ENABLE_MODULES = YES;
				CLANG_ENABLE_OBJC_ARC = YES;
				CLANG_ENABLE_OBJC_WEAK = YES;
				CLANG_WARN_BLOCK_CAPTURE_AUTORELEASING = YES;
				CLANG_WARN_BOOL_CONVERSION = YES;
				CLANG_WARN_COMMA = YES;
				CLANG_WARN_CONSTANT_CONVERSION = YES;
				CLANG_WARN_DEPRECATED_OBJC_IMPLEMENTATIONS = YES;
				CLANG_WARN_DIRECT_OBJC_ISA_USAGE = YES_ERROR;
				CLANG_WARN_DOCUMENTATION_COMMENTS = YES;
				CLANG_WARN_EMPTY_BODY = YES;
				CLANG_WARN_ENUM_CONVERSION = YES;
				CLANG_WARN_INFINITE_RECURSION = YES;
				CLANG_WARN_INT_CONVERSION = YES;
				CLANG_WARN_NON_LITERAL_NULL_CONVERSION = YES;
				CLANG_WARN_OBJC_IMPLICIT_RETAIN_SELF = YES;
				CLANG_WARN_OBJC_LITERAL_CONVERSION = YES;
				CLANG_WARN_OBJC_ROOT_CLASS = YES_ERROR;
				CLANG_WARN_QUOTED_INCLUDE_IN_FRAMEWORK_HEADER = YES;
				CLANG_WARN_RANGE_LOOP_ANALYSIS = YES;
				CLANG_WARN_STRICT_PROTOTYPES = YES;
				CLANG_WARN_SUSPICIOUS_MOVE = YES;
				CLANG_WARN_UNGUARDED_AVAILABILITY = YES_AGGRESSIVE;
				CLANG_WARN_UNREACHABLE_CODE = YES;
				CLANG_WARN__DUPLICATE_METHOD_MATCH = YES;
				COPY_PHASE_STRIP = NO;
				DEBUG_INFORMATION_FORMAT = "dwarf-with-dsym";
				ENABLE_NS_ASSERTIONS = NO;
				ENABLE_STRICT_OBJC_MSGSEND = YES;
				GCC_C_LANGUAGE_STANDARD = gnu11;
				GCC_NO_COMMON_BLOCKS = YES;
				GCC_WARN_64_TO_32_BIT_CONVERSION = YES;
				GCC_WARN_ABOUT_RETURN_TYPE = YES_ERROR;
				GCC_WARN_UNDECLARED_SELECTOR = YES;
				GCC_WARN_UNINITIALIZED_AUTOS = YES_AGGRESSIVE;
				GCC_WARN_UNUSED_FUNCTION = YES;
				GCC_WARN_UNUSED_VARIABLE = YES;
				IPHONEOS_DEPLOYMENT_TARGET = 15.0;
				MTL_ENABLE_DEBUG_INFO = NO;
				MTL_FAST_MATH = YES;
				SDKROOT = iphoneos;
				SWIFT_COMPILATION_MODE = wholemodule;
				SWIFT_OPTIMIZATION_LEVEL = "-O";
				VALIDATE_PRODUCT = YES;
			};
			name = Release;
		};
		046669B227579A4500C0BA70 /* Debug */ = {
			isa = XCBuildConfiguration;
			buildSettings = {
				ASSETCATALOG_COMPILER_APPICON_NAME = AppIcon;
				ASSETCATALOG_COMPILER_GLOBAL_ACCENT_COLOR_NAME = AccentColor;
				CODE_SIGN_STYLE = Automatic;
				CURRENT_PROJECT_VERSION = 1;
				DEVELOPMENT_TEAM = 2F54VR68GM;
				GENERATE_INFOPLIST_FILE = YES;
				INFOPLIST_FILE = "Swift ArtCode/Info.plist";
				INFOPLIST_KEY_UIApplicationSupportsIndirectInputEvents = YES;
				INFOPLIST_KEY_UILaunchStoryboardName = LaunchScreen;
				INFOPLIST_KEY_UIMainStoryboardFile = Main;
				INFOPLIST_KEY_UISupportedInterfaceOrientations_iPad = "UIInterfaceOrientationPortrait UIInterfaceOrientationPortraitUpsideDown UIInterfaceOrientationLandscapeLeft UIInterfaceOrientationLandscapeRight";
				INFOPLIST_KEY_UISupportedInterfaceOrientations_iPhone = "UIInterfaceOrientationPortrait UIInterfaceOrientationLandscapeLeft UIInterfaceOrientationLandscapeRight";
				LD_RUNPATH_SEARCH_PATHS = (
					"$(inherited)",
					"@executable_path/Frameworks",
				);
				MARKETING_VERSION = 1.0;
				PRODUCT_BUNDLE_IDENTIFIER = "com.fomagran.Swift-ArtCode";
				PRODUCT_NAME = "$(TARGET_NAME)";
				SWIFT_EMIT_LOC_STRINGS = YES;
				SWIFT_VERSION = 5.0;
				TARGETED_DEVICE_FAMILY = "1,2";
			};
			name = Debug;
		};
		046669B327579A4500C0BA70 /* Release */ = {
			isa = XCBuildConfiguration;
			buildSettings = {
				ASSETCATALOG_COMPILER_APPICON_NAME = AppIcon;
				ASSETCATALOG_COMPILER_GLOBAL_ACCENT_COLOR_NAME = AccentColor;
				CODE_SIGN_STYLE = Automatic;
				CURRENT_PROJECT_VERSION = 1;
				DEVELOPMENT_TEAM = 2F54VR68GM;
				GENERATE_INFOPLIST_FILE = YES;
				INFOPLIST_FILE = "Swift ArtCode/Info.plist";
				INFOPLIST_KEY_UIApplicationSupportsIndirectInputEvents = YES;
				INFOPLIST_KEY_UILaunchStoryboardName = LaunchScreen;
				INFOPLIST_KEY_UIMainStoryboardFile = Main;
				INFOPLIST_KEY_UISupportedInterfaceOrientations_iPad = "UIInterfaceOrientationPortrait UIInterfaceOrientationPortraitUpsideDown UIInterfaceOrientationLandscapeLeft UIInterfaceOrientationLandscapeRight";
				INFOPLIST_KEY_UISupportedInterfaceOrientations_iPhone = "UIInterfaceOrientationPortrait UIInterfaceOrientationLandscapeLeft UIInterfaceOrientationLandscapeRight";
				LD_RUNPATH_SEARCH_PATHS = (
					"$(inherited)",
					"@executable_path/Frameworks",
				);
				MARKETING_VERSION = 1.0;
				PRODUCT_BUNDLE_IDENTIFIER = "com.fomagran.Swift-ArtCode";
				PRODUCT_NAME = "$(TARGET_NAME)";
				SWIFT_EMIT_LOC_STRINGS = YES;
				SWIFT_VERSION = 5.0;
				TARGETED_DEVICE_FAMILY = "1,2";
			};
			name = Release;
		};
/* End XCBuildConfiguration section */

/* Begin XCConfigurationList section */
		0466699827579A4400C0BA70 /* Build configuration list for PBXProject "Swift ArtCode" */ = {
			isa = XCConfigurationList;
			buildConfigurations = (
				046669AF27579A4500C0BA70 /* Debug */,
				046669B027579A4500C0BA70 /* Release */,
			);
			defaultConfigurationIsVisible = 0;
			defaultConfigurationName = Release;
		};
		046669B127579A4500C0BA70 /* Build configuration list for PBXNativeTarget "Swift ArtCode" */ = {
			isa = XCConfigurationList;
			buildConfigurations = (
				046669B227579A4500C0BA70 /* Debug */,
				046669B327579A4500C0BA70 /* Release */,
			);
			defaultConfigurationIsVisible = 0;
			defaultConfigurationName = Release;
		};
/* End XCConfigurationList section */
	};
	rootObject = 0466699527579A4400C0BA70 /* Project object */;
}
